
Microsoft Visual Studio Solution File, Format Version 12.00
# Visual Studio Version 16
VisualStudioVersion = 16.0.32413.511
MinimumVisualStudioVersion = 10.0.40219.1
Project("{2150E333-8FDC-42A3-9474-1A3956D46DE8}") = "TaskReview", "TaskReview", "{2F570A01-BB72-420E-94C1-2928000CED5E}"
EndProject
Project("{FAE04EC0-301F-11D3-BF4B-00C04F79EFBC}") = "Tyuiu.NikolaevaAN.Sprint4.TaskReview.V12", "Tyuiu.NikolaevaAN.Sprint4.TaskReview.V12\Tyuiu.NikolaevaAN.Sprint4.TaskReview.V12.csproj", "{05A7653E-E3F6-46CE-8AFB-2364103FA3B2}"
EndProject
Project("{FAE04EC0-301F-11D3-BF4B-00C04F79EFBC}") = "Tyuiu.NikolaevaAN.Sprint4.TaskReview.V12.Lib", "Tyuiu.NikolaevaAN.Sprint4.TaskReview.V12.Lib\Tyuiu.NikolaevaAN.Sprint4.TaskReview.V12.Lib.csproj", "{FA24630E-5D34-43D5-9760-8C919D53B946}"
EndProject
Project("{FAE04EC0-301F-11D3-BF4B-00C04F79EFBC}") = "Tyuiu.NikolaevaAN.Sprint4.TaskReview.V12.Test", "Tyuiu.NikolaevaAN.Sprint4.TaskReview.V12.Test\Tyuiu.NikolaevaAN.Sprint4.TaskReview.V12.Test.csproj", "{558E78D2-AA18-443B-9C7B-0126C5EBB541}"
EndProject
Global
	GlobalSection(SolutionConfigurationPlatforms) = preSolution
		Debug|Any CPU = Debug|Any CPU
		Release|Any CPU = Release|Any CPU
	EndGlobalSection
	GlobalSection(ProjectConfigurationPlatforms) = postSolution
		{05A7653E-E3F6-46CE-8AFB-2364103FA3B2}.Debug|Any CPU.ActiveCfg = Debug|Any CPU
		{05A7653E-E3F6-46CE-8AFB-2364103FA3B2}.Debug|Any CPU.Build.0 = Debug|Any CPU
		{05A7653E-E3F6-46CE-8AFB-2364103FA3B2}.Release|Any CPU.ActiveCfg = Release|Any CPU
		{05A7653E-E3F6-46CE-8AFB-2364103FA3B2}.Release|Any CPU.Build.0 = Release|Any CPU
		{FA24630E-5D34-43D5-9760-8C919D53B946}.Debug|Any CPU.ActiveCfg = Debug|Any CPU
		{FA24630E-5D34-43D5-9760-8C919D53B946}.Debug|Any CPU.Build.0 = Debug|Any CPU
		{FA24630E-5D34-43D5-9760-8C919D53B946}.Release|Any CPU.ActiveCfg = Release|Any CPU
		{FA24630E-5D34-43D5-9760-8C919D53B946}.Release|Any CPU.Build.0 = Release|Any CPU
		{558E78D2-AA18-443B-9C7B-0126C5EBB541}.Debug|Any CPU.ActiveCfg = Debug|Any CPU
		{558E78D2-AA18-443B-9C7B-0126C5EBB541}.Debug|Any CPU.Build.0 = Debug|Any CPU
		{558E78D2-AA18-443B-9C7B-0126C5EBB541}.Release|Any CPU.ActiveCfg = Release|Any CPU
		{558E78D2-AA18-443B-9C7B-0126C5EBB541}.Release|Any CPU.Build.0 = Release|Any CPU
	EndGlobalSection
	GlobalSection(SolutionProperties) = preSolution
		HideSolutionNode = FALSE
	EndGlobalSection
	GlobalSection(NestedProjects) = preSolution
		{05A7653E-E3F6-46CE-8AFB-2364103FA3B2} = {2F570A01-BB72-420E-94C1-2928000CED5E}
		{FA24630E-5D34-43D5-9760-8C919D53B946} = {2F570A01-BB72-420E-94C1-2928000CED5E}
		{558E78D2-AA18-443B-9C7B-0126C5EBB541} = {2F570A01-BB72-420E-94C1-2928000CED5E}
	EndGlobalSection
	GlobalSection(ExtensibilityGlobals) = postSolution
		SolutionGuid = {9B82BD2A-255E-4DD1-B1A5-3B9D9C056FAC}
	EndGlobalSection
EndGlobal
